// !$*UTF8*$!
{
	archiveVersion = 1;
	classes = {
	};
	objectVersion = 46;
	objects = {

/* Begin PBXBuildFile section */
		076921EA1D22B73F0017C05F /* b.png in Resources */ = {isa = PBXBuildFile; fileRef = 076921E91D22B73F0017C05F /* b.png */; };
		076921EC1D22B88B0017C05F /* p.png in Resources */ = {isa = PBXBuildFile; fileRef = 076921EB1D22B88B0017C05F /* p.png */; };
		07D19F311D1E1D1F00C66963 /* AppDelegate.swift in Sources */ = {isa = PBXBuildFile; fileRef = 07D19F301D1E1D1F00C66963 /* AppDelegate.swift */; };
		07D19F331D1E1D1F00C66963 /* ViewController.swift in Sources */ = {isa = PBXBuildFile; fileRef = 07D19F321D1E1D1F00C66963 /* ViewController.swift */; };
		07D19F361D1E1D1F00C66963 /* Main.storyboard in Resources */ = {isa = PBXBuildFile; fileRef = 07D19F341D1E1D1F00C66963 /* Main.storyboard */; };
		07D19F391D1E1D1F00C66963 /* GRABILITY.xcdatamodeld in Sources */ = {isa = PBXBuildFile; fileRef = 07D19F371D1E1D1F00C66963 /* GRABILITY.xcdatamodeld */; };
		07D19F3B1D1E1D1F00C66963 /* Assets.xcassets in Resources */ = {isa = PBXBuildFile; fileRef = 07D19F3A1D1E1D1F00C66963 /* Assets.xcassets */; };
		07D19F3E1D1E1D1F00C66963 /* LaunchScreen.storyboard in Resources */ = {isa = PBXBuildFile; fileRef = 07D19F3C1D1E1D1F00C66963 /* LaunchScreen.storyboard */; };
		07D19F461D1E1E0400C66963 /* ListadoDeCategorias.swift in Sources */ = {isa = PBXBuildFile; fileRef = 07D19F451D1E1E0400C66963 /* ListadoDeCategorias.swift */; };
		07D19F481D1E28EE00C66963 /* ListadoDeApps.swift in Sources */ = {isa = PBXBuildFile; fileRef = 07D19F471D1E28EE00C66963 /* ListadoDeApps.swift */; };
/* End PBXBuildFile section */

/* Begin PBXFileReference section */
		076921E91D22B73F0017C05F /* b.png */ = {isa = PBXFileReference; lastKnownFileType = image.png; path = b.png; sourceTree = "<group>"; };
		076921EB1D22B88B0017C05F /* p.png */ = {isa = PBXFileReference; lastKnownFileType = image.png; path = p.png; sourceTree = "<group>"; };
		07D19F2D1D1E1D1F00C66963 /* GRABILITY.app */ = {isa = PBXFileReference; explicitFileType = wrapper.application; includeInIndex = 0; path = GRABILITY.app; sourceTree = BUILT_PRODUCTS_DIR; };
		07D19F301D1E1D1F00C66963 /* AppDelegate.swift */ = {isa = PBXFileReference; lastKnownFileType = sourcecode.swift; path = AppDelegate.swift; sourceTree = "<group>"; };
		07D19F321D1E1D1F00C66963 /* ViewController.swift */ = {isa = PBXFileReference; lastKnownFileType = sourcecode.swift; path = ViewController.swift; sourceTree = "<group>"; };
		07D19F351D1E1D1F00C66963 /* Base */ = {isa = PBXFileReference; lastKnownFileType = file.storyboard; name = Base; path = Base.lproj/Main.storyboard; sourceTree = "<group>"; };
		07D19F381D1E1D1F00C66963 /* GRABILITY.xcdatamodel */ = {isa = PBXFileReference; lastKnownFileType = wrapper.xcdatamodel; path = GRABILITY.xcdatamodel; sourceTree = "<group>"; };
		07D19F3A1D1E1D1F00C66963 /* Assets.xcassets */ = {isa = PBXFileReference; lastKnownFileType = folder.assetcatalog; path = Assets.xcassets; sourceTree = "<group>"; };
		07D19F3D1D1E1D1F00C66963 /* Base */ = {isa = PBXFileReference; lastKnownFileType = file.storyboard; name = Base; path = Base.lproj/LaunchScreen.storyboard; sourceTree = "<group>"; };
		07D19F3F1D1E1D1F00C66963 /* Info.plist */ = {isa = PBXFileReference; lastKnownFileType = text.plist.xml; path = Info.plist; sourceTree = "<group>"; };
		07D19F451D1E1E0400C66963 /* ListadoDeCategorias.swift */ = {isa = PBXFileReference; fileEncoding = 4; lastKnownFileType = sourcecode.swift; path = ListadoDeCategorias.swift; sourceTree = "<group>"; };
		07D19F471D1E28EE00C66963 /* ListadoDeApps.swift */ = {isa = PBXFileReference; fileEncoding = 4; lastKnownFileType = sourcecode.swift; path = ListadoDeApps.swift; sourceTree = "<group>"; };
/* End PBXFileReference section */

/* Begin PBXFrameworksBuildPhase section */
		07D19F2A1D1E1D1F00C66963 /* Frameworks */ = {
			isa = PBXFrameworksBuildPhase;
			buildActionMask = 2147483647;
			files = (
			);
			runOnlyForDeploymentPostprocessing = 0;
		};
/* End PBXFrameworksBuildPhase section */

/* Begin PBXGroup section */
		07D19F241D1E1D1E00C66963 = {
			isa = PBXGroup;
			children = (
				07D19F2F1D1E1D1F00C66963 /* GRABILITY */,
				07D19F2E1D1E1D1F00C66963 /* Products */,
			);
			sourceTree = "<group>";
		};
		07D19F2E1D1E1D1F00C66963 /* Products */ = {
			isa = PBXGroup;
			children = (
				07D19F2D1D1E1D1F00C66963 /* GRABILITY.app */,
			);
			name = Products;
			sourceTree = "<group>";
		};
		07D19F2F1D1E1D1F00C66963 /* GRABILITY */ = {
			isa = PBXGroup;
			children = (
				076921E91D22B73F0017C05F /* b.png */,
				076921EB1D22B88B0017C05F /* p.png */,
				07D19F301D1E1D1F00C66963 /* AppDelegate.swift */,
				07D19F321D1E1D1F00C66963 /* ViewController.swift */,
				07D19F341D1E1D1F00C66963 /* Main.storyboard */,
				07D19F3A1D1E1D1F00C66963 /* Assets.xcassets */,
				07D19F3C1D1E1D1F00C66963 /* LaunchScreen.storyboard */,
				07D19F3F1D1E1D1F00C66963 /* Info.plist */,
				07D19F371D1E1D1F00C66963 /* GRABILITY.xcdatamodeld */,
				07D19F451D1E1E0400C66963 /* ListadoDeCategorias.swift */,
				07D19F471D1E28EE00C66963 /* ListadoDeApps.swift */,
			);
			path = GRABILITY;
			sourceTree = "<group>";
		};
/* End PBXGroup section */

/* Begin PBXNativeTarget section */
		07D19F2C1D1E1D1F00C66963 /* GRABILITY */ = {
			isa = PBXNativeTarget;
			buildConfigurationList = 07D19F421D1E1D1F00C66963 /* Build configuration list for PBXNativeTarget "GRABILITY" */;
			buildPhases = (
				07D19F291D1E1D1F00C66963 /* Sources */,
				07D19F2A1D1E1D1F00C66963 /* Frameworks */,
				07D19F2B1D1E1D1F00C66963 /* Resources */,
			);
			buildRules = (
			);
			dependencies = (
			);
			name = GRABILITY;
			productName = GRABILITY;
			productReference = 07D19F2D1D1E1D1F00C66963 /* GRABILITY.app */;
			productType = "com.apple.product-type.application";
		};
/* End PBXNativeTarget section */

/* Begin PBXProject section */
		07D19F251D1E1D1E00C66963 /* Project object */ = {
			isa = PBXProject;
			attributes = {
				LastSwiftUpdateCheck = 0730;
				LastUpgradeCheck = 0730;
				ORGANIZATIONNAME = "Carlos Buitrago";
				TargetAttributes = {
					07D19F2C1D1E1D1F00C66963 = {
						CreatedOnToolsVersion = 7.3.1;
						DevelopmentTeam = 87389MM3B7;
					};
				};
			};
			buildConfigurationList = 07D19F281D1E1D1E00C66963 /* Build configuration list for PBXProject "GRABILITY" */;
			compatibilityVersion = "Xcode 3.2";
			developmentRegion = English;
			hasScannedForEncodings = 0;
			knownRegions = (
				en,
				Base,
			);
			mainGroup = 07D19F241D1E1D1E00C66963;
			productRefGroup = 07D19F2E1D1E1D1F00C66963 /* Products */;
			projectDirPath = "";
			projectRoot = "";
			targets = (
				07D19F2C1D1E1D1F00C66963 /* GRABILITY */,
			);
		};
/* End PBXProject section */

/* Begin PBXResourcesBuildPhase section */
		07D19F2B1D1E1D1F00C66963 /* Resources */ = {
			isa = PBXResourcesBuildPhase;
			buildActionMask = 2147483647;
			files = (
				07D19F3E1D1E1D1F00C66963 /* LaunchScreen.storyboard in Resources */,
				07D19F3B1D1E1D1F00C66963 /* Assets.xcassets in Resources */,
				076921EA1D22B73F0017C05F /* b.png in Resources */,
				076921EC1D22B88B0017C05F /* p.png in Resources */,
				07D19F361D1E1D1F00C66963 /* Main.storyboard in Resources */,
			);
			runOnlyForDeploymentPostprocessing = 0;
		};
/* End PBXResourcesBuildPhase section */

/* Begin PBXSourcesBuildPhase section */
		07D19F291D1E1D1F00C66963 /* Sources */ = {
			isa = PBXSourcesBuildPhase;
			buildActionMask = 2147483647;
			files = (
				07D19F331D1E1D1F00C66963 /* ViewController.swift in Sources */,
				07D19F481D1E28EE00C66963 /* ListadoDeApps.swift in Sources */,
				07D19F391D1E1D1F00C66963 /* GRABILITY.xcdatamodeld in Sources */,
				07D19F311D1E1D1F00C66963 /* AppDelegate.swift in Sources */,
				07D19F461D1E1E0400C66963 /* ListadoDeCategorias.swift in Sources */,
			);
			runOnlyForDeploymentPostprocessing = 0;
		};
/* End PBXSourcesBuildPhase section */

/* Begin PBXVariantGroup section */
		07D19F341D1E1D1F00C66963 /* Main.storyboard */ = {
			isa = PBXVariantGroup;
			children = (
				07D19F351D1E1D1F00C66963 /* Base */,
			);
			name = Main.storyboard;
			sourceTree = "<group>";
		};
		07D19F3C1D1E1D1F00C66963 /* LaunchScreen.storyboard */ = {
			isa = PBXVariantGroup;
			children = (
				07D19F3D1D1E1D1F00C66963 /* Base */,
			);
			name = LaunchScreen.storyboard;
			sourceTree = "<group>";
		};
/* End PBXVariantGroup section */

/* Begin XCBuildConfiguration section */
		07D19F401D1E1D1F00C66963 /* Debug */ = {
			isa = XCBuildConfiguration;
			buildSettings = {
				ALWAYS_SEARCH_USER_PATHS = NO;
				CLANG_ANALYZER_NONNULL = YES;
				CLANG_CXX_LANGUAGE_STANDARD = "gnu++0x";
				CLANG_CXX_LIBRARY = "libc++";
				CLANG_ENABLE_MODULES = YES;
				CLANG_ENABLE_OBJC_ARC = YES;
				CLANG_WARN_BOOL_CONVERSION = YES;
				CLANG_WARN_CONSTANT_CONVERSION = YES;
				CLANG_WARN_DIRECT_OBJC_ISA_USAGE = YES_ERROR;
				CLANG_WARN_EMPTY_BODY = YES;
				CLANG_WARN_ENUM_CONVERSION = YES;
				CLANG_WARN_INT_CONVERSION = YES;
				CLANG_WARN_OBJC_ROOT_CLASS = YES_ERROR;
				CLANG_WARN_UNREACHABLE_CODE = YES;
				CLANG_WARN__DUPLICATE_METHOD_MATCH = YES;
				"CODE_SIGN_IDENTITY[sdk=iphoneos*]" = "iPhone Developer";
				COPY_PHASE_STRIP = NO;
				DEBUG_INFORMATION_FORMAT = dwarf;
				ENABLE_STRICT_OBJC_MSGSEND = YES;
				ENABLE_TESTABILITY = YES;
				GCC_C_LANGUAGE_STANDARD = gnu99;
				GCC_DYNAMIC_NO_PIC = NO;
				GCC_NO_COMMON_BLOCKS = YES;
				GCC_OPTIMIZATION_LEVEL = 0;
				GCC_PREPROCESSOR_DEFINITIONS = (
					"DEBUG=1",
					"$(inherited)",
				);
				GCC_WARN_64_TO_32_BIT_CONVERSION = YES;
				GCC_WARN_ABOUT_RETURN_TYPE = YES_ERROR;
				GCC_WARN_UNDECLARED_SELECTOR = YES;
				GCC_WARN_UNINITIALIZED_AUTOS = YES_AGGRESSIVE;
				GCC_WARN_UNUSED_FUNCTION = YES;
				GCC_WARN_UNUSED_VARIABLE = YES;
				IPHONEOS_DEPLOYMENT_TARGET = 9.3;
				MTL_ENABLE_DEBUG_INFO = YES;
				ONLY_ACTIVE_ARCH = YES;
				SDKROOT = iphoneos;
				SWIFT_OPTIMIZATION_LEVEL = "-Onone";
				TARGETED_DEVICE_FAMILY = "1,2";
			};
			name = Debug;
		};
		07D19F411D1E1D1F00C66963 /* Release */ = {
			isa = XCBuildConfiguration;
			buildSettings = {
				ALWAYS_SEARCH_USER_PATHS = NO;
				CLANG_ANALYZER_NONNULL = YES;
				CLANG_CXX_LANGUAGE_STANDARD = "gnu++0x";
				CLANG_CXX_LIBRARY = "libc++";
				CLANG_ENABLE_MODULES = YES;
				CLANG_ENABLE_OBJC_ARC = YES;
				CLANG_WARN_BOOL_CONVERSION = YES;
				CLANG_WARN_CONSTANT_CONVERSION = YES;
				CLANG_WARN_DIRECT_OBJC_ISA_USAGE = YES_ERROR;
				CLANG_WARN_EMPTY_BODY = YES;
				CLANG_WARN_ENUM_CONVERSION = YES;
				CLANG_WARN_INT_CONVERSION = YES;
				CLANG_WARN_OBJC_ROOT_CLASS = YES_ERROR;
				CLANG_WARN_UNREACHABLE_CODE = YES;
				CLANG_WARN__DUPLICATE_METHOD_MATCH = YES;
				"CODE_SIGN_IDENTITY[sdk=iphoneos*]" = "iPhone Developer";
				COPY_PHASE_STRIP = NO;
				DEBUG_INFORMATION_FORMAT = "dwarf-with-dsym";
				ENABLE_NS_ASSERTIONS = NO;
				ENABLE_STRICT_OBJC_MSGSEND = YES;
				GCC_C_LANGUAGE_STANDARD = gnu99;
				GCC_NO_COMMON_BLOCKS = YES;
				GCC_WARN_64_TO_32_BIT_CONVERSION = YES;
				GCC_WARN_ABOUT_RETURN_TYPE = YES_ERROR;
				GCC_WARN_UNDECLARED_SELECTOR = YES;
				GCC_WARN_UNINITIALIZED_AUTOS = YES_AGGRESSIVE;
				GCC_WARN_UNUSED_FUNCTION = YES;
				GCC_WARN_UNUSED_VARIABLE = YES;
				IPHONEOS_DEPLOYMENT_TARGET = 9.3;
				MTL_ENABLE_DEBUG_INFO = NO;
				SDKROOT = iphoneos;
				TARGETED_DEVICE_FAMILY = "1,2";
				VALIDATE_PRODUCT = YES;
			};
			name = Release;
		};
		07D19F431D1E1D1F00C66963 /* Debug */ = {
			isa = XCBuildConfiguration;
			buildSettings = {
				ASSETCATALOG_COMPILER_APPICON_NAME = AppIcon;
				INFOPLIST_FILE = GRABILITY/Info.plist;
				LD_RUNPATH_SEARCH_PATHS = "$(inherited) @executable_path/Frameworks";
				PRODUCT_BUNDLE_IDENTIFIER = co.cabr93.GRABILITY;
				PRODUCT_NAME = "$(TARGET_NAME)";
			};
			name = Debug;
		};
		07D19F441D1E1D1F00C66963 /* Release */ = {
			isa = XCBuildConfiguration;
			buildSettings = {
				ASSETCATALOG_COMPILER_APPICON_NAME = AppIcon;
				INFOPLIST_FILE = GRABILITY/Info.plist;
				LD_RUNPATH_SEARCH_PATHS = "$(inherited) @executable_path/Frameworks";
				PRODUCT_BUNDLE_IDENTIFIER = co.cabr93.GRABILITY;
				PRODUCT_NAME = "$(TARGET_NAME)";
			};
			name = Release;
		};
/* End XCBuildConfiguration section */

/* Begin XCConfigurationList section */
		07D19F281D1E1D1E00C66963 /* Build configuration list for PBXProject "GRABILITY" */ = {
			isa = XCConfigurationList;
			buildConfigurations = (
				07D19F401D1E1D1F00C66963 /* Debug */,
				07D19F411D1E1D1F00C66963 /* Release */,
			);
			defaultConfigurationIsVisible = 0;
			defaultConfigurationName = Release;
		};
		07D19F421D1E1D1F00C66963 /* Build configuration list for PBXNativeTarget "GRABILITY" */ = {
			isa = XCConfigurationList;
			buildConfigurations = (
				07D19F431D1E1D1F00C66963 /* Debug */,
				07D19F441D1E1D1F00C66963 /* Release */,
			);
			defaultConfigurationIsVisible = 0;
			defaultConfigurationName = Release;
		};
/* End XCConfigurationList section */

/* Begin XCVersionGroup section */
		07D19F371D1E1D1F00C66963 /* GRABILITY.xcdatamodeld */ = {
			isa = XCVersionGroup;
			children = (
				07D19F381D1E1D1F00C66963 /* GRABILITY.xcdatamodel */,
			);
			currentVersion = 07D19F381D1E1D1F00C66963 /* GRABILITY.xcdatamodel */;
			path = GRABILITY.xcdatamodeld;
			sourceTree = "<group>";
			versionGroupType = wrapper.xcdatamodel;
		};
/* End XCVersionGroup section */
	};
	rootObject = 07D19F251D1E1D1E00C66963 /* Project object */;
}
